// !$*UTF8*$!
{
	archiveVersion = 1;
	classes = {
	};
	objectVersion = 50;
	objects = {

/* Begin PBXBuildFile section */
		090BA2A623397BF10030CD34 /* DrinkDetail.swift in Sources */ = {isa = PBXBuildFile; fileRef = 090BA2A523397BF10030CD34 /* DrinkDetail.swift */; };
		091936C22335AEAB000983AB /* AppDelegate.swift in Sources */ = {isa = PBXBuildFile; fileRef = 091936C12335AEAB000983AB /* AppDelegate.swift */; };
		091936C42335AEAB000983AB /* SceneDelegate.swift in Sources */ = {isa = PBXBuildFile; fileRef = 091936C32335AEAB000983AB /* SceneDelegate.swift */; };
		091936C62335AEAB000983AB /* Home.swift in Sources */ = {isa = PBXBuildFile; fileRef = 091936C52335AEAB000983AB /* Home.swift */; };
		091936C82335AEAD000983AB /* Assets.xcassets in Resources */ = {isa = PBXBuildFile; fileRef = 091936C72335AEAD000983AB /* Assets.xcassets */; };
		091936CB2335AEAD000983AB /* Preview Assets.xcassets in Resources */ = {isa = PBXBuildFile; fileRef = 091936CA2335AEAD000983AB /* Preview Assets.xcassets */; };
		091936CE2335AEAD000983AB /* LaunchScreen.storyboard in Resources */ = {isa = PBXBuildFile; fileRef = 091936CC2335AEAD000983AB /* LaunchScreen.storyboard */; };
		091936D92335AEAD000983AB /* XCode11testTests.swift in Sources */ = {isa = PBXBuildFile; fileRef = 091936D82335AEAD000983AB /* XCode11testTests.swift */; };
		091D53882335C27700527B88 /* drinks.json in Resources */ = {isa = PBXBuildFile; fileRef = 091D53872335C27700527B88 /* drinks.json */; };
		091D538A2335C2A900527B88 /* Data.swift in Sources */ = {isa = PBXBuildFile; fileRef = 091D53892335C2A900527B88 /* Data.swift */; };
		091D538C2335C46300527B88 /* Drink.swift in Sources */ = {isa = PBXBuildFile; fileRef = 091D538B2335C46300527B88 /* Drink.swift */; };
		091D538E2335C5CB00527B88 /* DrinkItem.swift in Sources */ = {isa = PBXBuildFile; fileRef = 091D538D2335C5CB00527B88 /* DrinkItem.swift */; };
		0991FF052336F18900951FA1 /* DrinkRow.swift in Sources */ = {isa = PBXBuildFile; fileRef = 0991FF042336F18900951FA1 /* DrinkRow.swift */; };
/* End PBXBuildFile section */

/* Begin PBXContainerItemProxy section */
		091936D52335AEAD000983AB /* PBXContainerItemProxy */ = {
			isa = PBXContainerItemProxy;
			containerPortal = 091936B62335AEAB000983AB /* Project object */;
			proxyType = 1;
			remoteGlobalIDString = 091936BD2335AEAB000983AB;
			remoteInfo = XCode11test;
		};
/* End PBXContainerItemProxy section */

/* Begin PBXFileReference section */
		090BA2A523397BF10030CD34 /* DrinkDetail.swift */ = {isa = PBXFileReference; lastKnownFileType = sourcecode.swift; path = DrinkDetail.swift; sourceTree = "<group>"; };
		091936BE2335AEAB000983AB /* XCode11test.app */ = {isa = PBXFileReference; explicitFileType = wrapper.application; includeInIndex = 0; path = XCode11test.app; sourceTree = BUILT_PRODUCTS_DIR; };
		091936C12335AEAB000983AB /* AppDelegate.swift */ = {isa = PBXFileReference; lastKnownFileType = sourcecode.swift; path = AppDelegate.swift; sourceTree = "<group>"; };
		091936C32335AEAB000983AB /* SceneDelegate.swift */ = {isa = PBXFileReference; lastKnownFileType = sourcecode.swift; path = SceneDelegate.swift; sourceTree = "<group>"; };
		091936C52335AEAB000983AB /* Home.swift */ = {isa = PBXFileReference; lastKnownFileType = sourcecode.swift; path = Home.swift; sourceTree = "<group>"; };
		091936C72335AEAD000983AB /* Assets.xcassets */ = {isa = PBXFileReference; lastKnownFileType = folder.assetcatalog; path = Assets.xcassets; sourceTree = "<group>"; };
		091936CA2335AEAD000983AB /* Preview Assets.xcassets */ = {isa = PBXFileReference; lastKnownFileType = folder.assetcatalog; path = "Preview Assets.xcassets"; sourceTree = "<group>"; };
		091936CD2335AEAD000983AB /* Base */ = {isa = PBXFileReference; lastKnownFileType = file.storyboard; name = Base; path = Base.lproj/LaunchScreen.storyboard; sourceTree = "<group>"; };
		091936CF2335AEAD000983AB /* Info.plist */ = {isa = PBXFileReference; lastKnownFileType = text.plist.xml; path = Info.plist; sourceTree = "<group>"; };
		091936D42335AEAD000983AB /* XCode11testTests.xctest */ = {isa = PBXFileReference; explicitFileType = wrapper.cfbundle; includeInIndex = 0; path = XCode11testTests.xctest; sourceTree = BUILT_PRODUCTS_DIR; };
		091936D82335AEAD000983AB /* XCode11testTests.swift */ = {isa = PBXFileReference; lastKnownFileType = sourcecode.swift; path = XCode11testTests.swift; sourceTree = "<group>"; };
		091936DA2335AEAD000983AB /* Info.plist */ = {isa = PBXFileReference; lastKnownFileType = text.plist.xml; path = Info.plist; sourceTree = "<group>"; };
		091D53872335C27700527B88 /* drinks.json */ = {isa = PBXFileReference; fileEncoding = 4; lastKnownFileType = text.json; path = drinks.json; sourceTree = "<group>"; };
		091D53892335C2A900527B88 /* Data.swift */ = {isa = PBXFileReference; lastKnownFileType = sourcecode.swift; path = Data.swift; sourceTree = "<group>"; };
		091D538B2335C46300527B88 /* Drink.swift */ = {isa = PBXFileReference; lastKnownFileType = sourcecode.swift; path = Drink.swift; sourceTree = "<group>"; };
		091D538D2335C5CB00527B88 /* DrinkItem.swift */ = {isa = PBXFileReference; lastKnownFileType = sourcecode.swift; path = DrinkItem.swift; sourceTree = "<group>"; };
		0991FF042336F18900951FA1 /* DrinkRow.swift */ = {isa = PBXFileReference; lastKnownFileType = sourcecode.swift; path = DrinkRow.swift; sourceTree = "<group>"; };
/* End PBXFileReference section */

/* Begin PBXFrameworksBuildPhase section */
		091936BB2335AEAB000983AB /* Frameworks */ = {
			isa = PBXFrameworksBuildPhase;
			buildActionMask = 2147483647;
			files = (
			);
			runOnlyForDeploymentPostprocessing = 0;
		};
		091936D12335AEAD000983AB /* Frameworks */ = {
			isa = PBXFrameworksBuildPhase;
			buildActionMask = 2147483647;
			files = (
			);
			runOnlyForDeploymentPostprocessing = 0;
		};
/* End PBXFrameworksBuildPhase section */

/* Begin PBXGroup section */
		091936B52335AEAB000983AB = {
			isa = PBXGroup;
			children = (
				091936C02335AEAB000983AB /* XCode11test */,
				091936D72335AEAD000983AB /* XCode11testTests */,
				091936BF2335AEAB000983AB /* Products */,
			);
			sourceTree = "<group>";
		};
		091936BF2335AEAB000983AB /* Products */ = {
			isa = PBXGroup;
			children = (
				091936BE2335AEAB000983AB /* XCode11test.app */,
				091936D42335AEAD000983AB /* XCode11testTests.xctest */,
			);
			name = Products;
			sourceTree = "<group>";
		};
		091936C02335AEAB000983AB /* XCode11test */ = {
			isa = PBXGroup;
			children = (
				091936C12335AEAB000983AB /* AppDelegate.swift */,
				091936C32335AEAB000983AB /* SceneDelegate.swift */,
				091936C52335AEAB000983AB /* Home.swift */,
				091936C72335AEAD000983AB /* Assets.xcassets */,
				091936CC2335AEAD000983AB /* LaunchScreen.storyboard */,
				091936CF2335AEAD000983AB /* Info.plist */,
				091D53872335C27700527B88 /* drinks.json */,
				091936C92335AEAD000983AB /* Preview Content */,
				091D53892335C2A900527B88 /* Data.swift */,
				091D538B2335C46300527B88 /* Drink.swift */,
				091D538D2335C5CB00527B88 /* DrinkItem.swift */,
				0991FF042336F18900951FA1 /* DrinkRow.swift */,
				090BA2A523397BF10030CD34 /* DrinkDetail.swift */,
			);
			path = XCode11test;
			sourceTree = "<group>";
		};
		091936C92335AEAD000983AB /* Preview Content */ = {
			isa = PBXGroup;
			children = (
				091936CA2335AEAD000983AB /* Preview Assets.xcassets */,
			);
			path = "Preview Content";
			sourceTree = "<group>";
		};
		091936D72335AEAD000983AB /* XCode11testTests */ = {
			isa = PBXGroup;
			children = (
				091936D82335AEAD000983AB /* XCode11testTests.swift */,
				091936DA2335AEAD000983AB /* Info.plist */,
			);
			path = XCode11testTests;
			sourceTree = "<group>";
		};
/* End PBXGroup section */

/* Begin PBXNativeTarget section */
		091936BD2335AEAB000983AB /* XCode11test */ = {
			isa = PBXNativeTarget;
			buildConfigurationList = 091936DD2335AEAD000983AB /* Build configuration list for PBXNativeTarget "XCode11test" */;
			buildPhases = (
				091936BA2335AEAB000983AB /* Sources */,
				091936BB2335AEAB000983AB /* Frameworks */,
				091936BC2335AEAB000983AB /* Resources */,
			);
			buildRules = (
			);
			dependencies = (
			);
			name = XCode11test;
			productName = XCode11test;
			productReference = 091936BE2335AEAB000983AB /* XCode11test.app */;
			productType = "com.apple.product-type.application";
		};
		091936D32335AEAD000983AB /* XCode11testTests */ = {
			isa = PBXNativeTarget;
			buildConfigurationList = 091936E02335AEAD000983AB /* Build configuration list for PBXNativeTarget "XCode11testTests" */;
			buildPhases = (
				091936D02335AEAD000983AB /* Sources */,
				091936D12335AEAD000983AB /* Frameworks */,
				091936D22335AEAD000983AB /* Resources */,
			);
			buildRules = (
			);
			dependencies = (
				091936D62335AEAD000983AB /* PBXTargetDependency */,
			);
			name = XCode11testTests;
			productName = XCode11testTests;
			productReference = 091936D42335AEAD000983AB /* XCode11testTests.xctest */;
			productType = "com.apple.product-type.bundle.unit-test";
		};
/* End PBXNativeTarget section */

/* Begin PBXProject section */
		091936B62335AEAB000983AB /* Project object */ = {
			isa = PBXProject;
			attributes = {
				LastSwiftUpdateCheck = 1100;
				LastUpgradeCheck = 1100;
				ORGANIZATIONNAME = "Oniel Rosario";
				TargetAttributes = {
					091936BD2335AEAB000983AB = {
						CreatedOnToolsVersion = 11.0;
					};
					091936D32335AEAD000983AB = {
						CreatedOnToolsVersion = 11.0;
						TestTargetID = 091936BD2335AEAB000983AB;
					};
				};
			};
			buildConfigurationList = 091936B92335AEAB000983AB /* Build configuration list for PBXProject "XCode11test" */;
			compatibilityVersion = "Xcode 9.3";
			developmentRegion = en;
			hasScannedForEncodings = 0;
			knownRegions = (
				en,
				Base,
			);
			mainGroup = 091936B52335AEAB000983AB;
			productRefGroup = 091936BF2335AEAB000983AB /* Products */;
			projectDirPath = "";
			projectRoot = "";
			targets = (
				091936BD2335AEAB000983AB /* XCode11test */,
				091936D32335AEAD000983AB /* XCode11testTests */,
			);
		};
/* End PBXProject section */

/* Begin PBXResourcesBuildPhase section */
		091936BC2335AEAB000983AB /* Resources */ = {
			isa = PBXResourcesBuildPhase;
			buildActionMask = 2147483647;
			files = (
				091936CE2335AEAD000983AB /* LaunchScreen.storyboard in Resources */,
				091936CB2335AEAD000983AB /* Preview Assets.xcassets in Resources */,
				091D53882335C27700527B88 /* drinks.json in Resources */,
				091936C82335AEAD000983AB /* Assets.xcassets in Resources */,
			);
			runOnlyForDeploymentPostprocessing = 0;
		};
		091936D22335AEAD000983AB /* Resources */ = {
			isa = PBXResourcesBuildPhase;
			buildActionMask = 2147483647;
			files = (
			);
			runOnlyForDeploymentPostprocessing = 0;
		};
/* End PBXResourcesBuildPhase section */

/* Begin PBXSourcesBuildPhase section */
		091936BA2335AEAB000983AB /* Sources */ = {
			isa = PBXSourcesBuildPhase;
			buildActionMask = 2147483647;
			files = (
				091936C22335AEAB000983AB /* AppDelegate.swift in Sources */,
				091936C42335AEAB000983AB /* SceneDelegate.swift in Sources */,
				0991FF052336F18900951FA1 /* DrinkRow.swift in Sources */,
				091936C62335AEAB000983AB /* Home.swift in Sources */,
				091D538C2335C46300527B88 /* Drink.swift in Sources */,
				091D538A2335C2A900527B88 /* Data.swift in Sources */,
				091D538E2335C5CB00527B88 /* DrinkItem.swift in Sources */,
				090BA2A623397BF10030CD34 /* DrinkDetail.swift in Sources */,
			);
			runOnlyForDeploymentPostprocessing = 0;
		};
		091936D02335AEAD000983AB /* Sources */ = {
			isa = PBXSourcesBuildPhase;
			buildActionMask = 2147483647;
			files = (
				091936D92335AEAD000983AB /* XCode11testTests.swift in Sources */,
			);
			runOnlyForDeploymentPostprocessing = 0;
		};
/* End PBXSourcesBuildPhase section */

/* Begin PBXTargetDependency section */
		091936D62335AEAD000983AB /* PBXTargetDependency */ = {
			isa = PBXTargetDependency;
			target = 091936BD2335AEAB000983AB /* XCode11test */;
			targetProxy = 091936D52335AEAD000983AB /* PBXContainerItemProxy */;
		};
/* End PBXTargetDependency section */

/* Begin PBXVariantGroup section */
		091936CC2335AEAD000983AB /* LaunchScreen.storyboard */ = {
			isa = PBXVariantGroup;
			children = (
				091936CD2335AEAD000983AB /* Base */,
			);
			name = LaunchScreen.storyboard;
			sourceTree = "<group>";
		};
/* End PBXVariantGroup section */

/* Begin XCBuildConfiguration section */
		091936DB2335AEAD000983AB /* Debug */ = {
			isa = XCBuildConfiguration;
			buildSettings = {
				ALWAYS_SEARCH_USER_PATHS = NO;
				CLANG_ANALYZER_NONNULL = YES;
				CLANG_ANALYZER_NUMBER_OBJECT_CONVERSION = YES_AGGRESSIVE;
				CLANG_CXX_LANGUAGE_STANDARD = "gnu++14";
				CLANG_CXX_LIBRARY = "libc++";
				CLANG_ENABLE_MODULES = YES;
				CLANG_ENABLE_OBJC_ARC = YES;
				CLANG_ENABLE_OBJC_WEAK = YES;
				CLANG_WARN_BLOCK_CAPTURE_AUTORELEASING = YES;
				CLANG_WARN_BOOL_CONVERSION = YES;
				CLANG_WARN_COMMA = YES;
				CLANG_WARN_CONSTANT_CONVERSION = YES;
				CLANG_WARN_DEPRECATED_OBJC_IMPLEMENTATIONS = YES;
				CLANG_WARN_DIRECT_OBJC_ISA_USAGE = YES_ERROR;
				CLANG_WARN_DOCUMENTATION_COMMENTS = YES;
				CLANG_WARN_EMPTY_BODY = YES;
				CLANG_WARN_ENUM_CONVERSION = YES;
				CLANG_WARN_INFINITE_RECURSION = YES;
				CLANG_WARN_INT_CONVERSION = YES;
				CLANG_WARN_NON_LITERAL_NULL_CONVERSION = YES;
				CLANG_WARN_OBJC_IMPLICIT_RETAIN_SELF = YES;
				CLANG_WARN_OBJC_LITERAL_CONVERSION = YES;
				CLANG_WARN_OBJC_ROOT_CLASS = YES_ERROR;
				CLANG_WARN_RANGE_LOOP_ANALYSIS = YES;
				CLANG_WARN_STRICT_PROTOTYPES = YES;
				CLANG_WARN_SUSPICIOUS_MOVE = YES;
				CLANG_WARN_UNGUARDED_AVAILABILITY = YES_AGGRESSIVE;
				CLANG_WARN_UNREACHABLE_CODE = YES;
				CLANG_WARN__DUPLICATE_METHOD_MATCH = YES;
				COPY_PHASE_STRIP = NO;
				DEBUG_INFORMATION_FORMAT = dwarf;
				ENABLE_STRICT_OBJC_MSGSEND = YES;
				ENABLE_TESTABILITY = YES;
				GCC_C_LANGUAGE_STANDARD = gnu11;
				GCC_DYNAMIC_NO_PIC = NO;
				GCC_NO_COMMON_BLOCKS = YES;
				GCC_OPTIMIZATION_LEVEL = 0;
				GCC_PREPROCESSOR_DEFINITIONS = (
					"DEBUG=1",
					"$(inherited)",
				);
				GCC_WARN_64_TO_32_BIT_CONVERSION = YES;
				GCC_WARN_ABOUT_RETURN_TYPE = YES_ERROR;
				GCC_WARN_UNDECLARED_SELECTOR = YES;
				GCC_WARN_UNINITIALIZED_AUTOS = YES_AGGRESSIVE;
				GCC_WARN_UNUSED_FUNCTION = YES;
				GCC_WARN_UNUSED_VARIABLE = YES;
				IPHONEOS_DEPLOYMENT_TARGET = 13.0;
				MTL_ENABLE_DEBUG_INFO = INCLUDE_SOURCE;
				MTL_FAST_MATH = YES;
				ONLY_ACTIVE_ARCH = YES;
				SDKROOT = iphoneos;
				SWIFT_ACTIVE_COMPILATION_CONDITIONS = DEBUG;
				SWIFT_OPTIMIZATION_LEVEL = "-Onone";
			};
			name = Debug;
		};
		091936DC2335AEAD000983AB /* Release */ = {
			isa = XCBuildConfiguration;
			buildSettings = {
				ALWAYS_SEARCH_USER_PATHS = NO;
				CLANG_ANALYZER_NONNULL = YES;
				CLANG_ANALYZER_NUMBER_OBJECT_CONVERSION = YES_AGGRESSIVE;
				CLANG_CXX_LANGUAGE_STANDARD = "gnu++14";
				CLANG_CXX_LIBRARY = "libc++";
				CLANG_ENABLE_MODULES = YES;
				CLANG_ENABLE_OBJC_ARC = YES;
				CLANG_ENABLE_OBJC_WEAK = YES;
				CLANG_WARN_BLOCK_CAPTURE_AUTORELEASING = YES;
				CLANG_WARN_BOOL_CONVERSION = YES;
				CLANG_WARN_COMMA = YES;
				CLANG_WARN_CONSTANT_CONVERSION = YES;
				CLANG_WARN_DEPRECATED_OBJC_IMPLEMENTATIONS = YES;
				CLANG_WARN_DIRECT_OBJC_ISA_USAGE = YES_ERROR;
				CLANG_WARN_DOCUMENTATION_COMMENTS = YES;
				CLANG_WARN_EMPTY_BODY = YES;
				CLANG_WARN_ENUM_CONVERSION = YES;
				CLANG_WARN_INFINITE_RECURSION = YES;
				CLANG_WARN_INT_CONVERSION = YES;
				CLANG_WARN_NON_LITERAL_NULL_CONVERSION = YES;
				CLANG_WARN_OBJC_IMPLICIT_RETAIN_SELF = YES;
				CLANG_WARN_OBJC_LITERAL_CONVERSION = YES;
				CLANG_WARN_OBJC_ROOT_CLASS = YES_ERROR;
				CLANG_WARN_RANGE_LOOP_ANALYSIS = YES;
				CLANG_WARN_STRICT_PROTOTYPES = YES;
				CLANG_WARN_SUSPICIOUS_MOVE = YES;
				CLANG_WARN_UNGUARDED_AVAILABILITY = YES_AGGRESSIVE;
				CLANG_WARN_UNREACHABLE_CODE = YES;
				CLANG_WARN__DUPLICATE_METHOD_MATCH = YES;
				COPY_PHASE_STRIP = NO;
				DEBUG_INFORMATION_FORMAT = "dwarf-with-dsym";
				ENABLE_NS_ASSERTIONS = NO;
				ENABLE_STRICT_OBJC_MSGSEND = YES;
				GCC_C_LANGUAGE_STANDARD = gnu11;
				GCC_NO_COMMON_BLOCKS = YES;
				GCC_WARN_64_TO_32_BIT_CONVERSION = YES;
				GCC_WARN_ABOUT_RETURN_TYPE = YES_ERROR;
				GCC_WARN_UNDECLARED_SELECTOR = YES;
				GCC_WARN_UNINITIALIZED_AUTOS = YES_AGGRESSIVE;
				GCC_WARN_UNUSED_FUNCTION = YES;
				GCC_WARN_UNUSED_VARIABLE = YES;
				IPHONEOS_DEPLOYMENT_TARGET = 13.0;
				MTL_ENABLE_DEBUG_INFO = NO;
				MTL_FAST_MATH = YES;
				SDKROOT = iphoneos;
				SWIFT_COMPILATION_MODE = wholemodule;
				SWIFT_OPTIMIZATION_LEVEL = "-O";
				VALIDATE_PRODUCT = YES;
			};
			name = Release;
		};
		091936DE2335AEAD000983AB /* Debug */ = {
			isa = XCBuildConfiguration;
			buildSettings = {
				ASSETCATALOG_COMPILER_APPICON_NAME = AppIcon;
				CODE_SIGN_STYLE = Automatic;
				DEVELOPMENT_ASSET_PATHS = "\"XCode11test/Preview Content\"";
				DEVELOPMENT_TEAM = AVC7FB3M8N;
				ENABLE_PREVIEWS = YES;
				INFOPLIST_FILE = XCode11test/Info.plist;
				LD_RUNPATH_SEARCH_PATHS = (
					"$(inherited)",
					"@executable_path/Frameworks",
				);
				PRODUCT_BUNDLE_IDENTIFIER = oRose.XCode11test;
				PRODUCT_NAME = "$(TARGET_NAME)";
				SWIFT_VERSION = 5.0;
				TARGETED_DEVICE_FAMILY = "1,2";
			};
			name = Debug;
		};
		091936DF2335AEAD000983AB /* Release */ = {
			isa = XCBuildConfiguration;
			buildSettings = {
				ASSETCATALOG_COMPILER_APPICON_NAME = AppIcon;
				CODE_SIGN_STYLE = Automatic;
				DEVELOPMENT_ASSET_PATHS = "\"XCode11test/Preview Content\"";
				DEVELOPMENT_TEAM = AVC7FB3M8N;
				ENABLE_PREVIEWS = YES;
				INFOPLIST_FILE = XCode11test/Info.plist;
				LD_RUNPATH_SEARCH_PATHS = (
					"$(inherited)",
					"@executable_path/Frameworks",
				);
				PRODUCT_BUNDLE_IDENTIFIER = oRose.XCode11test;
				PRODUCT_NAME = "$(TARGET_NAME)";
				SWIFT_VERSION = 5.0;
				TARGETED_DEVICE_FAMILY = "1,2";
			};
			name = Release;
		};
		091936E12335AEAD000983AB /* Debug */ = {
			isa = XCBuildConfiguration;
			buildSettings = {
				ALWAYS_EMBED_SWIFT_STANDARD_LIBRARIES = YES;
				BUNDLE_LOADER = "$(TEST_HOST)";
				CODE_SIGN_STYLE = Automatic;
				DEVELOPMENT_TEAM = AVC7FB3M8N;
				INFOPLIST_FILE = XCode11testTests/Info.plist;
				IPHONEOS_DEPLOYMENT_TARGET = 13.0;
				LD_RUNPATH_SEARCH_PATHS = (
					"$(inherited)",
					"@executable_path/Frameworks",
					"@loader_path/Frameworks",
				);
				PRODUCT_BUNDLE_IDENTIFIER = oRose.XCode11testTests;
				PRODUCT_NAME = "$(TARGET_NAME)";
				SWIFT_VERSION = 5.0;
				TARGETED_DEVICE_FAMILY = "1,2";
				TEST_HOST = "$(BUILT_PRODUCTS_DIR)/XCode11test.app/XCode11test";
			};
			name = Debug;
		};
		091936E22335AEAD000983AB /* Release */ = {
			isa = XCBuildConfiguration;
			buildSettings = {
				ALWAYS_EMBED_SWIFT_STANDARD_LIBRARIES = YES;
				BUNDLE_LOADER = "$(TEST_HOST)";
				CODE_SIGN_STYLE = Automatic;
				DEVELOPMENT_TEAM = AVC7FB3M8N;
				INFOPLIST_FILE = XCode11testTests/Info.plist;
				IPHONEOS_DEPLOYMENT_TARGET = 13.0;
				LD_RUNPATH_SEARCH_PATHS = (
					"$(inherited)",
					"@executable_path/Frameworks",
					"@loader_path/Frameworks",
				);
				PRODUCT_BUNDLE_IDENTIFIER = oRose.XCode11testTests;
				PRODUCT_NAME = "$(TARGET_NAME)";
				SWIFT_VERSION = 5.0;
				TARGETED_DEVICE_FAMILY = "1,2";
				TEST_HOST = "$(BUILT_PRODUCTS_DIR)/XCode11test.app/XCode11test";
			};
			name = Release;
		};
/* End XCBuildConfiguration section */

/* Begin XCConfigurationList section */
		091936B92335AEAB000983AB /* Build configuration list for PBXProject "XCode11test" */ = {
			isa = XCConfigurationList;
			buildConfigurations = (
				091936DB2335AEAD000983AB /* Debug */,
				091936DC2335AEAD000983AB /* Release */,
			);
			defaultConfigurationIsVisible = 0;
			defaultConfigurationName = Release;
		};
		091936DD2335AEAD000983AB /* Build configuration list for PBXNativeTarget "XCode11test" */ = {
			isa = XCConfigurationList;
			buildConfigurations = (
				091936DE2335AEAD000983AB /* Debug */,
				091936DF2335AEAD000983AB /* Release */,
			);
			defaultConfigurationIsVisible = 0;
			defaultConfigurationName = Release;
		};
		091936E02335AEAD000983AB /* Build configuration list for PBXNativeTarget "XCode11testTests" */ = {
			isa = XCConfigurationList;
			buildConfigurations = (
				091936E12335AEAD000983AB /* Debug */,
				091936E22335AEAD000983AB /* Release */,
			);
			defaultConfigurationIsVisible = 0;
			defaultConfigurationName = Release;
		};
/* End XCConfigurationList section */
	};
	rootObject = 091936B62335AEAB000983AB /* Project object */;
}
